
Microsoft Visual Studio Solution File, Format Version 12.00
# Visual Studio Version 16
VisualStudioVersion = 16.0.28917.182
MinimumVisualStudioVersion = 10.0.40219.1
Project("{2150E333-8FDC-42A3-9474-1A3956D46DE8}") = "Data", "Data", "{2327DE2C-8790-4EFD-9CB9-551B05AE7993}"
EndProject
Project("{2150E333-8FDC-42A3-9474-1A3956D46DE8}") = "Services", "Services", "{50BAC6DF-2D6F-4EA6-9ED4-30FF1FFF8611}"
EndProject
Project("{2150E333-8FDC-42A3-9474-1A3956D46DE8}") = "Web", "Web", "{EDB270CA-D593-4498-824F-11A1537393D8}"
EndProject
Project("{9A19103F-16F7-4668-BE54-9A1E7A4F7556}") = "EClinic.Data.Models", "Data\EClinic.Data.Models\EClinic.Data.Models.csproj", "{6D109829-66A9-4770-82DF-CD563594CA26}"
EndProject
Project("{9A19103F-16F7-4668-BE54-9A1E7A4F7556}") = "EClinic.Data", "Data\EClinic.Data\EClinic.Data.csproj", "{057D4D89-99D5-4BDD-97C9-38CCCF6AD2ED}"
EndProject
Project("{FAE04EC0-301F-11D3-BF4B-00C04F79EFBC}") = "EClinic.Web", "Web\EClinic.Web\EClinic.Web.csproj", "{97244CF6-37E0-4A12-B66A-847787D8166F}"
EndProject
Project("{2150E333-8FDC-42A3-9474-1A3956D46DE8}") = "Common", "Common", "{90BED4D2-029F-43D2-8F10-014E29613DDB}"
EndProject
Project("{FAE04EC0-301F-11D3-BF4B-00C04F79EFBC}") = "EClinic.Common", "Common\EClinic.Common\EClinic.Common.csproj", "{99A34380-3C74-4EE5-A462-FF076703EE23}"
EndProject
Project("{FAE04EC0-301F-11D3-BF4B-00C04F79EFBC}") = "EClinic.Web.ViewModels", "Web\EClinic.Web.ViewModels\EClinic.Web.ViewModels\EClinic.Web.ViewModels.csproj", "{13708A87-93BC-45F1-BA12-A9E0D90CB4FD}"
EndProject
Project("{FAE04EC0-301F-11D3-BF4B-00C04F79EFBC}") = "EClinic.Services", "Services\EClinic.Services\EClinic.Services.csproj", "{F5F9673B-3D57-4AC5-A5ED-BCCA371C900B}"
EndProject
Project("{FAE04EC0-301F-11D3-BF4B-00C04F79EFBC}") = "EClinic.Web.InputModels", "Web\EClinic.Web.InputModels\EClinic.Web.InputModels.csproj", "{5DA3D248-2222-486F-B08E-9FC3322C6FF1}"
EndProject
Project("{9A19103F-16F7-4668-BE54-9A1E7A4F7556}") = "EClinic.Services.Mapping", "Services\EClinic.Services.Mapping\EClinic.Services.Mapping.csproj", "{30802E7F-EACF-4D48-A598-048774276789}"
EndProject
Global
	GlobalSection(SolutionConfigurationPlatforms) = preSolution
		Debug|Any CPU = Debug|Any CPU
		Release|Any CPU = Release|Any CPU
	EndGlobalSection
	GlobalSection(ProjectConfigurationPlatforms) = postSolution
		{6D109829-66A9-4770-82DF-CD563594CA26}.Debug|Any CPU.ActiveCfg = Debug|Any CPU
		{6D109829-66A9-4770-82DF-CD563594CA26}.Debug|Any CPU.Build.0 = Debug|Any CPU
		{6D109829-66A9-4770-82DF-CD563594CA26}.Release|Any CPU.ActiveCfg = Release|Any CPU
		{6D109829-66A9-4770-82DF-CD563594CA26}.Release|Any CPU.Build.0 = Release|Any CPU
		{057D4D89-99D5-4BDD-97C9-38CCCF6AD2ED}.Debug|Any CPU.ActiveCfg = Debug|Any CPU
		{057D4D89-99D5-4BDD-97C9-38CCCF6AD2ED}.Debug|Any CPU.Build.0 = Debug|Any CPU
		{057D4D89-99D5-4BDD-97C9-38CCCF6AD2ED}.Release|Any CPU.ActiveCfg = Release|Any CPU
		{057D4D89-99D5-4BDD-97C9-38CCCF6AD2ED}.Release|Any CPU.Build.0 = Release|Any CPU
		{97244CF6-37E0-4A12-B66A-847787D8166F}.Debug|Any CPU.ActiveCfg = Debug|Any CPU
		{97244CF6-37E0-4A12-B66A-847787D8166F}.Debug|Any CPU.Build.0 = Debug|Any CPU
		{97244CF6-37E0-4A12-B66A-847787D8166F}.Release|Any CPU.ActiveCfg = Release|Any CPU
		{97244CF6-37E0-4A12-B66A-847787D8166F}.Release|Any CPU.Build.0 = Release|Any CPU
		{99A34380-3C74-4EE5-A462-FF076703EE23}.Debug|Any CPU.ActiveCfg = Debug|Any CPU
		{99A34380-3C74-4EE5-A462-FF076703EE23}.Debug|Any CPU.Build.0 = Debug|Any CPU
		{99A34380-3C74-4EE5-A462-FF076703EE23}.Release|Any CPU.ActiveCfg = Release|Any CPU
		{99A34380-3C74-4EE5-A462-FF076703EE23}.Release|Any CPU.Build.0 = Release|Any CPU
		{13708A87-93BC-45F1-BA12-A9E0D90CB4FD}.Debug|Any CPU.ActiveCfg = Debug|Any CPU
		{13708A87-93BC-45F1-BA12-A9E0D90CB4FD}.Debug|Any CPU.Build.0 = Debug|Any CPU
		{13708A87-93BC-45F1-BA12-A9E0D90CB4FD}.Release|Any CPU.ActiveCfg = Release|Any CPU
		{13708A87-93BC-45F1-BA12-A9E0D90CB4FD}.Release|Any CPU.Build.0 = Release|Any CPU
		{F5F9673B-3D57-4AC5-A5ED-BCCA371C900B}.Debug|Any CPU.ActiveCfg = Debug|Any CPU
		{F5F9673B-3D57-4AC5-A5ED-BCCA371C900B}.Debug|Any CPU.Build.0 = Debug|Any CPU
		{F5F9673B-3D57-4AC5-A5ED-BCCA371C900B}.Release|Any CPU.ActiveCfg = Release|Any CPU
		{F5F9673B-3D57-4AC5-A5ED-BCCA371C900B}.Release|Any CPU.Build.0 = Release|Any CPU
		{5DA3D248-2222-486F-B08E-9FC3322C6FF1}.Debug|Any CPU.ActiveCfg = Debug|Any CPU
		{5DA3D248-2222-486F-B08E-9FC3322C6FF1}.Debug|Any CPU.Build.0 = Debug|Any CPU
		{5DA3D248-2222-486F-B08E-9FC3322C6FF1}.Release|Any CPU.ActiveCfg = Release|Any CPU
		{5DA3D248-2222-486F-B08E-9FC3322C6FF1}.Release|Any CPU.Build.0 = Release|Any CPU
		{30802E7F-EACF-4D48-A598-048774276789}.Debug|Any CPU.ActiveCfg = Debug|Any CPU
		{30802E7F-EACF-4D48-A598-048774276789}.Debug|Any CPU.Build.0 = Debug|Any CPU
		{30802E7F-EACF-4D48-A598-048774276789}.Release|Any CPU.ActiveCfg = Release|Any CPU
		{30802E7F-EACF-4D48-A598-048774276789}.Release|Any CPU.Build.0 = Release|Any CPU
	EndGlobalSection
	GlobalSection(SolutionProperties) = preSolution
		HideSolutionNode = FALSE
	EndGlobalSection
	GlobalSection(NestedProjects) = preSolution
		{6D109829-66A9-4770-82DF-CD563594CA26} = {2327DE2C-8790-4EFD-9CB9-551B05AE7993}
		{057D4D89-99D5-4BDD-97C9-38CCCF6AD2ED} = {2327DE2C-8790-4EFD-9CB9-551B05AE7993}
		{97244CF6-37E0-4A12-B66A-847787D8166F} = {EDB270CA-D593-4498-824F-11A1537393D8}
		{99A34380-3C74-4EE5-A462-FF076703EE23} = {90BED4D2-029F-43D2-8F10-014E29613DDB}
		{13708A87-93BC-45F1-BA12-A9E0D90CB4FD} = {EDB270CA-D593-4498-824F-11A1537393D8}
		{F5F9673B-3D57-4AC5-A5ED-BCCA371C900B} = {50BAC6DF-2D6F-4EA6-9ED4-30FF1FFF8611}
		{5DA3D248-2222-486F-B08E-9FC3322C6FF1} = {EDB270CA-D593-4498-824F-11A1537393D8}
		{30802E7F-EACF-4D48-A598-048774276789} = {50BAC6DF-2D6F-4EA6-9ED4-30FF1FFF8611}
	EndGlobalSection
	GlobalSection(ExtensibilityGlobals) = postSolution
		SolutionGuid = {949A6EE5-2D35-421D-B995-AB1D911EB47C}
	EndGlobalSection
EndGlobal
